
Microsoft Visual Studio Solution File, Format Version 12.00
# Visual Studio 2012
Project("{888888A0-9F3D-457C-B088-3A5042F75D52}") = "deepbind_scripts", "deepbind_scripts.pyproj", "{30F9199C-6330-4A07-83A3-E21D1722CCF6}"
EndProject
Global
	GlobalSection(SolutionConfigurationPlatforms) = preSolution
		Debug|Any CPU = Debug|Any CPU
		Release|Any CPU = Release|Any CPU
	EndGlobalSection
	GlobalSection(ProjectConfigurationPlatforms) = postSolution
		{30F9199C-6330-4A07-83A3-E21D1722CCF6}.Debug|Any CPU.ActiveCfg = Debug|Any CPU
		{30F9199C-6330-4A07-83A3-E21D1722CCF6}.Debug|Any CPU.Build.0 = Debug|Any CPU
		{30F9199C-6330-4A07-83A3-E21D1722CCF6}.Release|Any CPU.ActiveCfg = Release|Any CPU
		{30F9199C-6330-4A07-83A3-E21D1722CCF6}.Release|Any CPU.Build.0 = Release|Any CPU
	EndGlobalSection
	GlobalSection(SolutionProperties) = preSolution
		HideSolutionNode = FALSE
	EndGlobalSection
EndGlobal
