<?xml version="1.0" encoding="utf-8"?>
<Project ToolsVersion="4.0" xmlns="http://schemas.microsoft.com/developer/msbuild/2003">
  <ItemGroup>
    <Filter Include="Source Files">
      <UniqueIdentifier>{4FC737F1-C7A5-4376-A066-2A32D752A2FF}</UniqueIdentifier>
      <Extensions>cpp;c;cc;cxx;def;odl;idl;hpj;bat;asm;asmx;h;hxx;cu;cuh</Extensions>
    </Filter>
  </ItemGroup>
  <ItemGroup>
    <ClInclude Include="..\src\base\assert.h">
      <Filter>Source Files</Filter>
    </ClInclude>
    <ClInclude Include="..\src\base\config.h">
      <Filter>Source Files</Filter>
    </ClInclude>
    <ClInclude Include="..\src\base\logging.h">
      <Filter>Source Files</Filter>
    </ClInclude>
    <ClInclude Include="..\src\base\optionset.h">
      <Filter>Source Files</Filter>
    </ClInclude>
    <ClInclude Include="..\src\base\random.h">
      <Filter>Source Files</Filter>
    </ClInclude>
    <ClInclude Include="..\src\base\range.h">
      <Filter>Source Files</Filter>
    </ClInclude>
    <ClInclude Include="..\src\base\sized_array.h">
      <Filter>Source Files</Filter>
    </ClInclude>
    <ClInclude Include="..\src\base\typelist.h">
      <Filter>Source Files</Filter>
    </ClInclude>
    <ClInclude Include="..\src\base\util.h">
      <Filter>Source Files</Filter>
    </ClInclude>
    <ClInclude Include="..\src\base\os.h">
      <Filter>Source Files</Filter>
    </ClInclude>
    <ClInclude Include="..\src\base\time.h">
      <Filter>Source Files</Filter>
    </ClInclude>
  </ItemGroup>
  <ItemGroup>
    <ClCompile Include="..\src\base\assert.cpp">
      <Filter>Source Files</Filter>
    </ClCompile>
    <ClCompile Include="..\src\base\logging.cpp">
      <Filter>Source Files</Filter>
    </ClCompile>
    <ClCompile Include="..\src\base\optionset.cpp">
      <Filter>Source Files</Filter>
    </ClCompile>
    <ClCompile Include="..\src\base\random.cpp">
      <Filter>Source Files</Filter>
    </ClCompile>
    <ClCompile Include="..\src\base\util.cpp">
      <Filter>Source Files</Filter>
    </ClCompile>
    <ClCompile Include="..\src\base\os.cpp">
      <Filter>Source Files</Filter>
    </ClCompile>
    <ClCompile Include="..\src\base\time.cpp">
      <Filter>Source Files</Filter>
    </ClCompile>
  </ItemGroup>
</Project>